
Microsoft Visual Studio Solution File, Format Version 12.00
# Visual Studio 15
VisualStudioVersion = 15.0.28307.489
MinimumVisualStudioVersion = 10.0.40219.1
Project("{FAE04EC0-301F-11D3-BF4B-00C04F79EFBC}") = "CognitoSite", "CognitoSite\CognitoSite.csproj", "{3C16594C-B549-4F98-AE00-3A1BC89B4AEC}"
EndProject
Global
	GlobalSection(SolutionConfigurationPlatforms) = preSolution
		Debug|Any CPU = Debug|Any CPU
		Release|Any CPU = Release|Any CPU
	EndGlobalSection
	GlobalSection(ProjectConfigurationPlatforms) = postSolution
		{3C16594C-B549-4F98-AE00-3A1BC89B4AEC}.Debug|Any CPU.ActiveCfg = Debug|Any CPU
		{3C16594C-B549-4F98-AE00-3A1BC89B4AEC}.Debug|Any CPU.Build.0 = Debug|Any CPU
		{3C16594C-B549-4F98-AE00-3A1BC89B4AEC}.Release|Any CPU.ActiveCfg = Release|Any CPU
		{3C16594C-B549-4F98-AE00-3A1BC89B4AEC}.Release|Any CPU.Build.0 = Release|Any CPU
	EndGlobalSection
	GlobalSection(SolutionProperties) = preSolution
		HideSolutionNode = FALSE
	EndGlobalSection
	GlobalSection(ExtensibilityGlobals) = postSolution
		SolutionGuid = {C192F6D0-BD29-4E88-94E6-014656825D7C}
	EndGlobalSection
EndGlobal
